
Microsoft Visual Studio Solution File, Format Version 12.00
# Visual Studio Version 16
VisualStudioVersion = 16.0.30011.22
MinimumVisualStudioVersion = 10.0.40219.1
Project("{FAE04EC0-301F-11D3-BF4B-00C04F79EFBC}") = "AITR", "AITR\AITR.csproj", "{9BB6D21A-3172-406E-BFB0-39805637CC0D}"
EndProject
Global
	GlobalSection(SolutionConfigurationPlatforms) = preSolution
		Debug|Any CPU = Debug|Any CPU
		Release|Any CPU = Release|Any CPU
	EndGlobalSection
	GlobalSection(ProjectConfigurationPlatforms) = postSolution
		{9BB6D21A-3172-406E-BFB0-39805637CC0D}.Debug|Any CPU.ActiveCfg = Debug|Any CPU
		{9BB6D21A-3172-406E-BFB0-39805637CC0D}.Debug|Any CPU.Build.0 = Debug|Any CPU
		{9BB6D21A-3172-406E-BFB0-39805637CC0D}.Release|Any CPU.ActiveCfg = Release|Any CPU
		{9BB6D21A-3172-406E-BFB0-39805637CC0D}.Release|Any CPU.Build.0 = Release|Any CPU
	EndGlobalSection
	GlobalSection(SolutionProperties) = preSolution
		HideSolutionNode = FALSE
	EndGlobalSection
	GlobalSection(ExtensibilityGlobals) = postSolution
		SolutionGuid = {F6C1971C-3D18-47D3-BAC1-5B51EAE7DAF7}
	EndGlobalSection
EndGlobal
